lockfileVersion: '9.0'

settings:
  autoInstallPeers: true
  excludeLinksFromLockfile: false

importers:

  .:
    dependencies:
      preact:
        specifier: ^10.27.1
        version: 10.27.1

packages:

  preact@10.27.1:
    resolution: {integrity: sha512-V79raXEWch/rbqoNc7nT9E4ep7lu+mI3+sBmfRD4i1M73R3WLYcCtdI0ibxGVf4eQL8ZIz2nFacqEC+rmnOORQ==}

snapshots:

  preact@10.27.1: {}
